
Microsoft Visual Studio Solution File, Format Version 11.00
# Visual Studio 2010
Project("{FAE04EC0-301F-11D3-BF4B-00C04F79EFBC}") = "Endless Fighting Game", "Assembly-CSharp.csproj", "{7ABA7B3F-8CA7-6A00-3C3E-5952EA4E9CFF}"
EndProject
Project("{FAE04EC0-301F-11D3-BF4B-00C04F79EFBC}") = "Endless Fighting Game", "Assembly-CSharp-Editor.csproj", "{1B343170-2064-2092-C8BA-1AE77A82AA06}"
EndProject
Global
	GlobalSection(SolutionConfigurationPlatforms) = preSolution
		Debug|Any CPU = Debug|Any CPU
		Release|Any CPU = Release|Any CPU
	EndGlobalSection
	GlobalSection(ProjectConfigurationPlatforms) = postSolution
		{7ABA7B3F-8CA7-6A00-3C3E-5952EA4E9CFF}.Debug|Any CPU.ActiveCfg = Debug|Any CPU
		{7ABA7B3F-8CA7-6A00-3C3E-5952EA4E9CFF}.Debug|Any CPU.Build.0 = Debug|Any CPU
		{7ABA7B3F-8CA7-6A00-3C3E-5952EA4E9CFF}.Release|Any CPU.ActiveCfg = Release|Any CPU
		{7ABA7B3F-8CA7-6A00-3C3E-5952EA4E9CFF}.Release|Any CPU.Build.0 = Release|Any CPU
		{1B343170-2064-2092-C8BA-1AE77A82AA06}.Debug|Any CPU.ActiveCfg = Debug|Any CPU
		{1B343170-2064-2092-C8BA-1AE77A82AA06}.Debug|Any CPU.Build.0 = Debug|Any CPU
		{1B343170-2064-2092-C8BA-1AE77A82AA06}.Release|Any CPU.ActiveCfg = Release|Any CPU
		{1B343170-2064-2092-C8BA-1AE77A82AA06}.Release|Any CPU.Build.0 = Release|Any CPU
	EndGlobalSection
	GlobalSection(SolutionProperties) = preSolution
		HideSolutionNode = FALSE
	EndGlobalSection
	GlobalSection(MonoDevelopProperties) = preSolution
		StartupItem = Assembly-CSharp.csproj
	EndGlobalSection
EndGlobal
